
Microsoft Visual Studio Solution File, Format Version 12.00
# Visual Studio Version 16
VisualStudioVersion = 16.0.29609.76
MinimumVisualStudioVersion = 10.0.40219.1
Project("{2150E333-8FDC-42A3-9474-1A3956D46DE8}") = "Lab - Azure Batch", "Lab - Azure Batch", "{462FB4E8-DB72-44AE-BD51-AD137EE2995E}"
EndProject
Project("{2150E333-8FDC-42A3-9474-1A3956D46DE8}") = "Azure Portal", "Azure Portal", "{8FA0D635-3659-43A3-A0B0-1AC79C80AC25}"
EndProject
Project("{2150E333-8FDC-42A3-9474-1A3956D46DE8}") = "Azure CLI", "Azure CLI", "{EAFB0EF4-BB72-4982-B3FF-11A55E084BD8}"
	ProjectSection(SolutionItems) = preProject
		Lab - Azure Batch\Azure CLI\cli.txt = Lab - Azure Batch\Azure CLI\cli.txt
	EndProjectSection
EndProject
Project("{2150E333-8FDC-42A3-9474-1A3956D46DE8}") = "DotNet", "DotNet", "{E795C548-4766-4CF6-9F4D-85BA364AE478}"
EndProject
Project("{2150E333-8FDC-42A3-9474-1A3956D46DE8}") = "Lab - .NET Core and Deployment", "Lab - .NET Core and Deployment", "{54412128-B2C6-499D-80E7-AE75C8327ABE}"
EndProject
Project("{FAE04EC0-301F-11D3-BF4B-00C04F79EFBC}") = "BatchApp", "Lab - Azure Batch\Azure Portal\BatchApp\BatchApp.csproj", "{70F06EAD-B597-4C3D-8272-9AB8D4702415}"
EndProject
Project("{FAE04EC0-301F-11D3-BF4B-00C04F79EFBC}") = "BatchConsole", "Lab - Azure Batch\DotNet\BatchConsole\BatchConsole.csproj", "{8B6FD1EB-C32F-4611-8A0D-85835646EEE9}"
EndProject
Project("{2150E333-8FDC-42A3-9474-1A3956D46DE8}") = "Lab - Table Storage", "Lab - Table Storage", "{010426AD-39F6-49DE-B700-D5332AAC1C80}"
EndProject
Project("{FAE04EC0-301F-11D3-BF4B-00C04F79EFBC}") = "TableStorage", "Lab - Table Storage\TableStorage\TableStorage.csproj", "{217D2D1E-16D2-4E68-90D2-BEBDEF614439}"
EndProject
Global
	GlobalSection(SolutionConfigurationPlatforms) = preSolution
		Debug|Any CPU = Debug|Any CPU
		Release|Any CPU = Release|Any CPU
	EndGlobalSection
	GlobalSection(ProjectConfigurationPlatforms) = postSolution
		{70F06EAD-B597-4C3D-8272-9AB8D4702415}.Debug|Any CPU.ActiveCfg = Debug|Any CPU
		{70F06EAD-B597-4C3D-8272-9AB8D4702415}.Debug|Any CPU.Build.0 = Debug|Any CPU
		{70F06EAD-B597-4C3D-8272-9AB8D4702415}.Release|Any CPU.ActiveCfg = Release|Any CPU
		{70F06EAD-B597-4C3D-8272-9AB8D4702415}.Release|Any CPU.Build.0 = Release|Any CPU
		{8B6FD1EB-C32F-4611-8A0D-85835646EEE9}.Debug|Any CPU.ActiveCfg = Debug|Any CPU
		{8B6FD1EB-C32F-4611-8A0D-85835646EEE9}.Debug|Any CPU.Build.0 = Debug|Any CPU
		{8B6FD1EB-C32F-4611-8A0D-85835646EEE9}.Release|Any CPU.ActiveCfg = Release|Any CPU
		{8B6FD1EB-C32F-4611-8A0D-85835646EEE9}.Release|Any CPU.Build.0 = Release|Any CPU
		{217D2D1E-16D2-4E68-90D2-BEBDEF614439}.Debug|Any CPU.ActiveCfg = Debug|Any CPU
		{217D2D1E-16D2-4E68-90D2-BEBDEF614439}.Debug|Any CPU.Build.0 = Debug|Any CPU
		{217D2D1E-16D2-4E68-90D2-BEBDEF614439}.Release|Any CPU.ActiveCfg = Release|Any CPU
		{217D2D1E-16D2-4E68-90D2-BEBDEF614439}.Release|Any CPU.Build.0 = Release|Any CPU
	EndGlobalSection
	GlobalSection(SolutionProperties) = preSolution
		HideSolutionNode = FALSE
	EndGlobalSection
	GlobalSection(NestedProjects) = preSolution
		{8FA0D635-3659-43A3-A0B0-1AC79C80AC25} = {462FB4E8-DB72-44AE-BD51-AD137EE2995E}
		{EAFB0EF4-BB72-4982-B3FF-11A55E084BD8} = {462FB4E8-DB72-44AE-BD51-AD137EE2995E}
		{E795C548-4766-4CF6-9F4D-85BA364AE478} = {462FB4E8-DB72-44AE-BD51-AD137EE2995E}
		{70F06EAD-B597-4C3D-8272-9AB8D4702415} = {8FA0D635-3659-43A3-A0B0-1AC79C80AC25}
		{8B6FD1EB-C32F-4611-8A0D-85835646EEE9} = {E795C548-4766-4CF6-9F4D-85BA364AE478}
		{217D2D1E-16D2-4E68-90D2-BEBDEF614439} = {010426AD-39F6-49DE-B700-D5332AAC1C80}
	EndGlobalSection
	GlobalSection(ExtensibilityGlobals) = postSolution
		SolutionGuid = {3DDA3530-9F24-44F4-982D-6750A66399DC}
	EndGlobalSection
EndGlobal
