
Microsoft Visual Studio Solution File, Format Version 12.00
# Visual Studio Version 16
VisualStudioVersion = 16.0.29609.76
MinimumVisualStudioVersion = 10.0.40219.1
Project("{2150E333-8FDC-42A3-9474-1A3956D46DE8}") = "Lab - Azure Batch", "Lab - Azure Batch", "{462FB4E8-DB72-44AE-BD51-AD137EE2995E}"
EndProject
Project("{2150E333-8FDC-42A3-9474-1A3956D46DE8}") = "Azure Portal", "Azure Portal", "{8FA0D635-3659-43A3-A0B0-1AC79C80AC25}"
EndProject
Project("{2150E333-8FDC-42A3-9474-1A3956D46DE8}") = "Azure CLI", "Azure CLI", "{EAFB0EF4-BB72-4982-B3FF-11A55E084BD8}"
	ProjectSection(SolutionItems) = preProject
		Lab - Azure Batch\Azure CLI\cli.txt = Lab - Azure Batch\Azure CLI\cli.txt
	EndProjectSection
EndProject
Project("{2150E333-8FDC-42A3-9474-1A3956D46DE8}") = "DotNet", "DotNet", "{E795C548-4766-4CF6-9F4D-85BA364AE478}"
EndProject
Project("{FAE04EC0-301F-11D3-BF4B-00C04F79EFBC}") = "BatchApp", "Lab - Azure Batch\Azure Portal\BatchApp\BatchApp.csproj", "{70F06EAD-B597-4C3D-8272-9AB8D4702415}"
EndProject
Project("{FAE04EC0-301F-11D3-BF4B-00C04F79EFBC}") = "BatchConsole", "Lab - Azure Batch\DotNet\BatchConsole\BatchConsole.csproj", "{8B6FD1EB-C32F-4611-8A0D-85835646EEE9}"
EndProject
Project("{2150E333-8FDC-42A3-9474-1A3956D46DE8}") = "Lab - Table Storage", "Lab - Table Storage", "{010426AD-39F6-49DE-B700-D5332AAC1C80}"
EndProject
Project("{FAE04EC0-301F-11D3-BF4B-00C04F79EFBC}") = "TableStorage", "Lab - Table Storage\TableStorage\TableStorage.csproj", "{217D2D1E-16D2-4E68-90D2-BEBDEF614439}"
EndProject
Project("{2150E333-8FDC-42A3-9474-1A3956D46DE8}") = "Lab - Cosmos DB", "Lab - Cosmos DB", "{E99088E3-01D6-405C-B894-C3CB3ADBC787}"
EndProject
Project("{FAE04EC0-301F-11D3-BF4B-00C04F79EFBC}") = "CosmosSQL", "Lab - Cosmos DB\CosmosSQL\CosmosSQL.csproj", "{CC63B0EF-0CC5-44B8-B1FC-48972821E00C}"
EndProject
Project("{FAE04EC0-301F-11D3-BF4B-00C04F79EFBC}") = "CosmosTableApi", "Lab - Cosmos DB\CosmosTableApi\CosmosTableApi.csproj", "{96D99F72-954F-46A1-85B0-335DE8450B1E}"
EndProject
Project("{2150E333-8FDC-42A3-9474-1A3956D46DE8}") = "Lab - SQL Database", "Lab - SQL Database", "{2C7C765B-32FD-4B1F-9A32-455072AA2986}"
EndProject
Project("{FAE04EC0-301F-11D3-BF4B-00C04F79EFBC}") = "SQLServer", "Lab - SQL Database\SQLServer\SQLServer.csproj", "{B171A676-94AB-4F48-BF53-9BC92E28A078}"
EndProject
Project("{FAE04EC0-301F-11D3-BF4B-00C04F79EFBC}") = "EntityFramework", "Lab - SQL Database\EntityFramework\EntityFramework.csproj", "{31EF4E5E-227A-4B99-942D-EE900899782A}"
EndProject
Project("{2150E333-8FDC-42A3-9474-1A3956D46DE8}") = "Lab - BLOB Storage", "Lab - BLOB Storage", "{2EC0C585-95E7-40A6-BDB8-0F4FC8618C8B}"
EndProject
Project("{FAE04EC0-301F-11D3-BF4B-00C04F79EFBC}") = "BlobStorage", "Lab - BLOB Storage\BlobStorage\BlobStorage.csproj", "{B94728EC-379C-4F02-8CC4-E3DD1976EDC9}"
EndProject
Project("{2150E333-8FDC-42A3-9474-1A3956D46DE8}") = "Lab - Managed Service Identity", "Lab - Managed Service Identity", "{92B3FAA1-5B2F-489C-8F13-436C34A59CE9}"
EndProject
Project("{FAE04EC0-301F-11D3-BF4B-00C04F79EFBC}") = "MSIApp", "Lab - Managed Service Identity\MSIApp\MSIApp.csproj", "{FFF8B728-2FBF-4AD4-8848-E2E0429B8E56}"
EndProject
Project("{FAE04EC0-301F-11D3-BF4B-00C04F79EFBC}") = "MSIVaultApp", "Lab - Managed Service Identity\MSIVaultApp\MSIVaultApp.csproj", "{3067288C-3847-4603-BEA0-7944131B71C5}"
EndProject
Project("{2150E333-8FDC-42A3-9474-1A3956D46DE8}") = "Lab - Shared Access Signature", "Lab - Shared Access Signature", "{47467F53-02BF-4C60-9B57-1D642CF5EBE7}"
EndProject
Project("{FAE04EC0-301F-11D3-BF4B-00C04F79EFBC}") = "SASApp", "SASApp\SASApp.csproj", "{0DCDDA53-316C-4526-A0C4-BDF14D00ED56}"
EndProject
Global
	GlobalSection(SolutionConfigurationPlatforms) = preSolution
		Debug|Any CPU = Debug|Any CPU
		Release|Any CPU = Release|Any CPU
	EndGlobalSection
	GlobalSection(ProjectConfigurationPlatforms) = postSolution
		{70F06EAD-B597-4C3D-8272-9AB8D4702415}.Debug|Any CPU.ActiveCfg = Debug|Any CPU
		{70F06EAD-B597-4C3D-8272-9AB8D4702415}.Debug|Any CPU.Build.0 = Debug|Any CPU
		{70F06EAD-B597-4C3D-8272-9AB8D4702415}.Release|Any CPU.ActiveCfg = Release|Any CPU
		{70F06EAD-B597-4C3D-8272-9AB8D4702415}.Release|Any CPU.Build.0 = Release|Any CPU
		{8B6FD1EB-C32F-4611-8A0D-85835646EEE9}.Debug|Any CPU.ActiveCfg = Debug|Any CPU
		{8B6FD1EB-C32F-4611-8A0D-85835646EEE9}.Debug|Any CPU.Build.0 = Debug|Any CPU
		{8B6FD1EB-C32F-4611-8A0D-85835646EEE9}.Release|Any CPU.ActiveCfg = Release|Any CPU
		{8B6FD1EB-C32F-4611-8A0D-85835646EEE9}.Release|Any CPU.Build.0 = Release|Any CPU
		{217D2D1E-16D2-4E68-90D2-BEBDEF614439}.Debug|Any CPU.ActiveCfg = Debug|Any CPU
		{217D2D1E-16D2-4E68-90D2-BEBDEF614439}.Debug|Any CPU.Build.0 = Debug|Any CPU
		{217D2D1E-16D2-4E68-90D2-BEBDEF614439}.Release|Any CPU.ActiveCfg = Release|Any CPU
		{217D2D1E-16D2-4E68-90D2-BEBDEF614439}.Release|Any CPU.Build.0 = Release|Any CPU
		{CC63B0EF-0CC5-44B8-B1FC-48972821E00C}.Debug|Any CPU.ActiveCfg = Debug|Any CPU
		{CC63B0EF-0CC5-44B8-B1FC-48972821E00C}.Debug|Any CPU.Build.0 = Debug|Any CPU
		{CC63B0EF-0CC5-44B8-B1FC-48972821E00C}.Release|Any CPU.ActiveCfg = Release|Any CPU
		{CC63B0EF-0CC5-44B8-B1FC-48972821E00C}.Release|Any CPU.Build.0 = Release|Any CPU
		{96D99F72-954F-46A1-85B0-335DE8450B1E}.Debug|Any CPU.ActiveCfg = Debug|Any CPU
		{96D99F72-954F-46A1-85B0-335DE8450B1E}.Debug|Any CPU.Build.0 = Debug|Any CPU
		{96D99F72-954F-46A1-85B0-335DE8450B1E}.Release|Any CPU.ActiveCfg = Release|Any CPU
		{96D99F72-954F-46A1-85B0-335DE8450B1E}.Release|Any CPU.Build.0 = Release|Any CPU
		{B171A676-94AB-4F48-BF53-9BC92E28A078}.Debug|Any CPU.ActiveCfg = Debug|Any CPU
		{B171A676-94AB-4F48-BF53-9BC92E28A078}.Debug|Any CPU.Build.0 = Debug|Any CPU
		{B171A676-94AB-4F48-BF53-9BC92E28A078}.Release|Any CPU.ActiveCfg = Release|Any CPU
		{B171A676-94AB-4F48-BF53-9BC92E28A078}.Release|Any CPU.Build.0 = Release|Any CPU
		{31EF4E5E-227A-4B99-942D-EE900899782A}.Debug|Any CPU.ActiveCfg = Debug|Any CPU
		{31EF4E5E-227A-4B99-942D-EE900899782A}.Debug|Any CPU.Build.0 = Debug|Any CPU
		{31EF4E5E-227A-4B99-942D-EE900899782A}.Release|Any CPU.ActiveCfg = Release|Any CPU
		{31EF4E5E-227A-4B99-942D-EE900899782A}.Release|Any CPU.Build.0 = Release|Any CPU
		{B94728EC-379C-4F02-8CC4-E3DD1976EDC9}.Debug|Any CPU.ActiveCfg = Debug|Any CPU
		{B94728EC-379C-4F02-8CC4-E3DD1976EDC9}.Debug|Any CPU.Build.0 = Debug|Any CPU
		{B94728EC-379C-4F02-8CC4-E3DD1976EDC9}.Release|Any CPU.ActiveCfg = Release|Any CPU
		{B94728EC-379C-4F02-8CC4-E3DD1976EDC9}.Release|Any CPU.Build.0 = Release|Any CPU
		{FFF8B728-2FBF-4AD4-8848-E2E0429B8E56}.Debug|Any CPU.ActiveCfg = Debug|Any CPU
		{FFF8B728-2FBF-4AD4-8848-E2E0429B8E56}.Debug|Any CPU.Build.0 = Debug|Any CPU
		{FFF8B728-2FBF-4AD4-8848-E2E0429B8E56}.Release|Any CPU.ActiveCfg = Release|Any CPU
		{FFF8B728-2FBF-4AD4-8848-E2E0429B8E56}.Release|Any CPU.Build.0 = Release|Any CPU
		{3067288C-3847-4603-BEA0-7944131B71C5}.Debug|Any CPU.ActiveCfg = Debug|Any CPU
		{3067288C-3847-4603-BEA0-7944131B71C5}.Debug|Any CPU.Build.0 = Debug|Any CPU
		{3067288C-3847-4603-BEA0-7944131B71C5}.Release|Any CPU.ActiveCfg = Release|Any CPU
		{3067288C-3847-4603-BEA0-7944131B71C5}.Release|Any CPU.Build.0 = Release|Any CPU
		{0DCDDA53-316C-4526-A0C4-BDF14D00ED56}.Debug|Any CPU.ActiveCfg = Debug|Any CPU
		{0DCDDA53-316C-4526-A0C4-BDF14D00ED56}.Debug|Any CPU.Build.0 = Debug|Any CPU
		{0DCDDA53-316C-4526-A0C4-BDF14D00ED56}.Release|Any CPU.ActiveCfg = Release|Any CPU
		{0DCDDA53-316C-4526-A0C4-BDF14D00ED56}.Release|Any CPU.Build.0 = Release|Any CPU
	EndGlobalSection
	GlobalSection(SolutionProperties) = preSolution
		HideSolutionNode = FALSE
	EndGlobalSection
	GlobalSection(NestedProjects) = preSolution
		{8FA0D635-3659-43A3-A0B0-1AC79C80AC25} = {462FB4E8-DB72-44AE-BD51-AD137EE2995E}
		{EAFB0EF4-BB72-4982-B3FF-11A55E084BD8} = {462FB4E8-DB72-44AE-BD51-AD137EE2995E}
		{E795C548-4766-4CF6-9F4D-85BA364AE478} = {462FB4E8-DB72-44AE-BD51-AD137EE2995E}
		{70F06EAD-B597-4C3D-8272-9AB8D4702415} = {8FA0D635-3659-43A3-A0B0-1AC79C80AC25}
		{8B6FD1EB-C32F-4611-8A0D-85835646EEE9} = {E795C548-4766-4CF6-9F4D-85BA364AE478}
		{217D2D1E-16D2-4E68-90D2-BEBDEF614439} = {010426AD-39F6-49DE-B700-D5332AAC1C80}
		{CC63B0EF-0CC5-44B8-B1FC-48972821E00C} = {E99088E3-01D6-405C-B894-C3CB3ADBC787}
		{96D99F72-954F-46A1-85B0-335DE8450B1E} = {E99088E3-01D6-405C-B894-C3CB3ADBC787}
		{B171A676-94AB-4F48-BF53-9BC92E28A078} = {2C7C765B-32FD-4B1F-9A32-455072AA2986}
		{31EF4E5E-227A-4B99-942D-EE900899782A} = {2C7C765B-32FD-4B1F-9A32-455072AA2986}
		{B94728EC-379C-4F02-8CC4-E3DD1976EDC9} = {2EC0C585-95E7-40A6-BDB8-0F4FC8618C8B}
		{FFF8B728-2FBF-4AD4-8848-E2E0429B8E56} = {92B3FAA1-5B2F-489C-8F13-436C34A59CE9}
		{3067288C-3847-4603-BEA0-7944131B71C5} = {92B3FAA1-5B2F-489C-8F13-436C34A59CE9}
		{0DCDDA53-316C-4526-A0C4-BDF14D00ED56} = {47467F53-02BF-4C60-9B57-1D642CF5EBE7}
	EndGlobalSection
	GlobalSection(ExtensibilityGlobals) = postSolution
		SolutionGuid = {3DDA3530-9F24-44F4-982D-6750A66399DC}
	EndGlobalSection
EndGlobal
